// !$*UTF8*$!
{
	archiveVersion = 1;
	classes = {
	};
	objectVersion = 46;
	objects = {

/* Begin PBXBuildFile section */
		2587AD441DBBB59200100556 /* main.m in Sources */ = {isa = PBXBuildFile; fileRef = 2587AD431DBBB59200100556 /* main.m */; };
		2587AD471DBBB59200100556 /* AppDelegate.m in Sources */ = {isa = PBXBuildFile; fileRef = 2587AD461DBBB59200100556 /* AppDelegate.m */; };
		2587AD4A1DBBB59200100556 /* ViewController.m in Sources */ = {isa = PBXBuildFile; fileRef = 2587AD491DBBB59200100556 /* ViewController.m */; };
		2587AD4D1DBBB59200100556 /* Main.storyboard in Resources */ = {isa = PBXBuildFile; fileRef = 2587AD4B1DBBB59200100556 /* Main.storyboard */; };
		2587AD4F1DBBB59200100556 /* Assets.xcassets in Resources */ = {isa = PBXBuildFile; fileRef = 2587AD4E1DBBB59200100556 /* Assets.xcassets */; };
		2587AD521DBBB59200100556 /* LaunchScreen.storyboard in Resources */ = {isa = PBXBuildFile; fileRef = 2587AD501DBBB59200100556 /* LaunchScreen.storyboard */; };
		259AF7E61DC0FA7000A377D1 /* HZLaunchView.m in Sources */ = {isa = PBXBuildFile; fileRef = 259AF7E51DC0FA7000A377D1 /* HZLaunchView.m */; };
/* End PBXBuildFile section */

/* Begin PBXFileReference section */
		2587AD3F1DBBB59200100556 /* TwitterLaunchDemo.app */ = {isa = PBXFileReference; explicitFileType = wrapper.application; includeInIndex = 0; path = TwitterLaunchDemo.app; sourceTree = BUILT_PRODUCTS_DIR; };
		2587AD431DBBB59200100556 /* main.m */ = {isa = PBXFileReference; lastKnownFileType = sourcecode.c.objc; path = main.m; sourceTree = "<group>"; };
		2587AD451DBBB59200100556 /* AppDelegate.h */ = {isa = PBXFileReference; lastKnownFileType = sourcecode.c.h; path = AppDelegate.h; sourceTree = "<group>"; };
		2587AD461DBBB59200100556 /* AppDelegate.m */ = {isa = PBXFileReference; lastKnownFileType = sourcecode.c.objc; path = AppDelegate.m; sourceTree = "<group>"; };
		2587AD481DBBB59200100556 /* ViewController.h */ = {isa = PBXFileReference; lastKnownFileType = sourcecode.c.h; path = ViewController.h; sourceTree = "<group>"; };
		2587AD491DBBB59200100556 /* ViewController.m */ = {isa = PBXFileReference; lastKnownFileType = sourcecode.c.objc; path = ViewController.m; sourceTree = "<group>"; };
		2587AD4C1DBBB59200100556 /* Base */ = {isa = PBXFileReference; lastKnownFileType = file.storyboard; name = Base; path = Base.lproj/Main.storyboard; sourceTree = "<group>"; };
		2587AD4E1DBBB59200100556 /* Assets.xcassets */ = {isa = PBXFileReference; lastKnownFileType = folder.assetcatalog; path = Assets.xcassets; sourceTree = "<group>"; };
		2587AD511DBBB59200100556 /* Base */ = {isa = PBXFileReference; lastKnownFileType = file.storyboard; name = Base; path = Base.lproj/LaunchScreen.storyboard; sourceTree = "<group>"; };
		2587AD531DBBB59200100556 /* Info.plist */ = {isa = PBXFileReference; lastKnownFileType = text.plist.xml; path = Info.plist; sourceTree = "<group>"; };
		259AF7E41DC0FA6000A377D1 /* HZLaunchView.h */ = {isa = PBXFileReference; lastKnownFileType = sourcecode.c.h; path = HZLaunchView.h; sourceTree = "<group>"; };
		259AF7E51DC0FA7000A377D1 /* HZLaunchView.m */ = {isa = PBXFileReference; fileEncoding = 4; lastKnownFileType = sourcecode.c.objc; path = HZLaunchView.m; sourceTree = "<group>"; };
/* End PBXFileReference section */

/* Begin PBXFrameworksBuildPhase section */
		2587AD3C1DBBB59200100556 /* Frameworks */ = {
			isa = PBXFrameworksBuildPhase;
			buildActionMask = 2147483647;
			files = (
			);
			runOnlyForDeploymentPostprocessing = 0;
		};
/* End PBXFrameworksBuildPhase section */

/* Begin PBXGroup section */
		2587AD361DBBB59200100556 = {
			isa = PBXGroup;
			children = (
				2587AD411DBBB59200100556 /* TwitterLaunchDemo */,
				2587AD401DBBB59200100556 /* Products */,
			);
			sourceTree = "<group>";
		};
		2587AD401DBBB59200100556 /* Products */ = {
			isa = PBXGroup;
			children = (
				2587AD3F1DBBB59200100556 /* TwitterLaunchDemo.app */,
			);
			name = Products;
			sourceTree = "<group>";
		};
		2587AD411DBBB59200100556 /* TwitterLaunchDemo */ = {
			isa = PBXGroup;
			children = (
				259AF7E71DC1020500A377D1 /* HZLaunchVIew */,
				2587AD451DBBB59200100556 /* AppDelegate.h */,
				2587AD461DBBB59200100556 /* AppDelegate.m */,
				2587AD481DBBB59200100556 /* ViewController.h */,
				2587AD491DBBB59200100556 /* ViewController.m */,
				2587AD4B1DBBB59200100556 /* Main.storyboard */,
				2587AD4E1DBBB59200100556 /* Assets.xcassets */,
				2587AD501DBBB59200100556 /* LaunchScreen.storyboard */,
				2587AD531DBBB59200100556 /* Info.plist */,
				2587AD421DBBB59200100556 /* Supporting Files */,
			);
			path = TwitterLaunchDemo;
			sourceTree = "<group>";
		};
		2587AD421DBBB59200100556 /* Supporting Files */ = {
			isa = PBXGroup;
			children = (
				2587AD431DBBB59200100556 /* main.m */,
			);
			name = "Supporting Files";
			sourceTree = "<group>";
		};
		259AF7E71DC1020500A377D1 /* HZLaunchVIew */ = {
			isa = PBXGroup;
			children = (
				259AF7E41DC0FA6000A377D1 /* HZLaunchView.h */,
				259AF7E51DC0FA7000A377D1 /* HZLaunchView.m */,
			);
			name = HZLaunchVIew;
			sourceTree = "<group>";
		};
/* End PBXGroup section */

/* Begin PBXNativeTarget section */
		2587AD3E1DBBB59200100556 /* TwitterLaunchDemo */ = {
			isa = PBXNativeTarget;
			buildConfigurationList = 2587AD561DBBB59200100556 /* Build configuration list for PBXNativeTarget "TwitterLaunchDemo" */;
			buildPhases = (
				2587AD3B1DBBB59200100556 /* Sources */,
				2587AD3C1DBBB59200100556 /* Frameworks */,
				2587AD3D1DBBB59200100556 /* Resources */,
			);
			buildRules = (
			);
			dependencies = (
			);
			name = TwitterLaunchDemo;
			productName = TwitterLaunchDemo;
			productReference = 2587AD3F1DBBB59200100556 /* TwitterLaunchDemo.app */;
			productType = "com.apple.product-type.application";
		};
/* End PBXNativeTarget section */

/* Begin PBXProject section */
		2587AD371DBBB59200100556 /* Project object */ = {
			isa = PBXProject;
			attributes = {
				LastUpgradeCheck = 0800;
				ORGANIZATIONNAME = zzgo;
				TargetAttributes = {
					2587AD3E1DBBB59200100556 = {
						CreatedOnToolsVersion = 8.0;
						ProvisioningStyle = Automatic;
					};
				};
			};
			buildConfigurationList = 2587AD3A1DBBB59200100556 /* Build configuration list for PBXProject "TwitterLaunchDemo" */;
			compatibilityVersion = "Xcode 3.2";
			developmentRegion = English;
			hasScannedForEncodings = 0;
			knownRegions = (
				en,
				Base,
			);
			mainGroup = 2587AD361DBBB59200100556;
			productRefGroup = 2587AD401DBBB59200100556 /* Products */;
			projectDirPath = "";
			projectRoot = "";
			targets = (
				2587AD3E1DBBB59200100556 /* TwitterLaunchDemo */,
			);
		};
/* End PBXProject section */

/* Begin PBXResourcesBuildPhase section */
		2587AD3D1DBBB59200100556 /* Resources */ = {
			isa = PBXResourcesBuildPhase;
			buildActionMask = 2147483647;
			files = (
				2587AD521DBBB59200100556 /* LaunchScreen.storyboard in Resources */,
				2587AD4F1DBBB59200100556 /* Assets.xcassets in Resources */,
				2587AD4D1DBBB59200100556 /* Main.storyboard in Resources */,
			);
			runOnlyForDeploymentPostprocessing = 0;
		};
/* End PBXResourcesBuildPhase section */

/* Begin PBXSourcesBuildPhase section */
		2587AD3B1DBBB59200100556 /* Sources */ = {
			isa = PBXSourcesBuildPhase;
			buildActionMask = 2147483647;
			files = (
				2587AD4A1DBBB59200100556 /* ViewController.m in Sources */,
				259AF7E61DC0FA7000A377D1 /* HZLaunchView.m in Sources */,
				2587AD471DBBB59200100556 /* AppDelegate.m in Sources */,
				2587AD441DBBB59200100556 /* main.m in Sources */,
			);
			runOnlyForDeploymentPostprocessing = 0;
		};
/* End PBXSourcesBuildPhase section */

/* Begin PBXVariantGroup section */
		2587AD4B1DBBB59200100556 /* Main.storyboard */ = {
			isa = PBXVariantGroup;
			children = (
				2587AD4C1DBBB59200100556 /* Base */,
			);
			name = Main.storyboard;
			sourceTree = "<group>";
		};
		2587AD501DBBB59200100556 /* LaunchScreen.storyboard */ = {
			isa = PBXVariantGroup;
			children = (
				2587AD511DBBB59200100556 /* Base */,
			);
			name = LaunchScreen.storyboard;
			sourceTree = "<group>";
		};
/* End PBXVariantGroup section */

/* Begin XCBuildConfiguration section */
		2587AD541DBBB59200100556 /* Debug */ = {
			isa = XCBuildConfiguration;
			buildSettings = {
				ALWAYS_SEARCH_USER_PATHS = NO;
				CLANG_ANALYZER_NONNULL = YES;
				CLANG_CXX_LANGUAGE_STANDARD = "gnu++0x";
				CLANG_CXX_LIBRARY = "libc++";
				CLANG_ENABLE_MODULES = YES;
				CLANG_ENABLE_OBJC_ARC = YES;
				CLANG_WARN_BOOL_CONVERSION = YES;
				CLANG_WARN_CONSTANT_CONVERSION = YES;
				CLANG_WARN_DIRECT_OBJC_ISA_USAGE = YES_ERROR;
				CLANG_WARN_DOCUMENTATION_COMMENTS = YES;
				CLANG_WARN_EMPTY_BODY = YES;
				CLANG_WARN_ENUM_CONVERSION = YES;
				CLANG_WARN_INFINITE_RECURSION = YES;
				CLANG_WARN_INT_CONVERSION = YES;
				CLANG_WARN_OBJC_ROOT_CLASS = YES_ERROR;
				CLANG_WARN_SUSPICIOUS_MOVES = YES;
				CLANG_WARN_UNREACHABLE_CODE = YES;
				CLANG_WARN__DUPLICATE_METHOD_MATCH = YES;
				"CODE_SIGN_IDENTITY[sdk=iphoneos*]" = "iPhone Developer";
				COPY_PHASE_STRIP = NO;
				DEBUG_INFORMATION_FORMAT = dwarf;
				ENABLE_STRICT_OBJC_MSGSEND = YES;
				ENABLE_TESTABILITY = YES;
				GCC_C_LANGUAGE_STANDARD = gnu99;
				GCC_DYNAMIC_NO_PIC = NO;
				GCC_NO_COMMON_BLOCKS = YES;
				GCC_OPTIMIZATION_LEVEL = 0;
				GCC_PREPROCESSOR_DEFINITIONS = (
					"DEBUG=1",
					"$(inherited)",
				);
				GCC_WARN_64_TO_32_BIT_CONVERSION = YES;
				GCC_WARN_ABOUT_RETURN_TYPE = YES_ERROR;
				GCC_WARN_UNDECLARED_SELECTOR = YES;
				GCC_WARN_UNINITIALIZED_AUTOS = YES_AGGRESSIVE;
				GCC_WARN_UNUSED_FUNCTION = YES;
				GCC_WARN_UNUSED_VARIABLE = YES;
				IPHONEOS_DEPLOYMENT_TARGET = 10.0;
				MTL_ENABLE_DEBUG_INFO = YES;
				ONLY_ACTIVE_ARCH = YES;
				SDKROOT = iphoneos;
			};
			name = Debug;
		};
		2587AD551DBBB59200100556 /* Release */ = {
			isa = XCBuildConfiguration;
			buildSettings = {
				ALWAYS_SEARCH_USER_PATHS = NO;
				CLANG_ANALYZER_NONNULL = YES;
				CLANG_CXX_LANGUAGE_STANDARD = "gnu++0x";
				CLANG_CXX_LIBRARY = "libc++";
				CLANG_ENABLE_MODULES = YES;
				CLANG_ENABLE_OBJC_ARC = YES;
				CLANG_WARN_BOOL_CONVERSION = YES;
				CLANG_WARN_CONSTANT_CONVERSION = YES;
				CLANG_WARN_DIRECT_OBJC_ISA_USAGE = YES_ERROR;
				CLANG_WARN_DOCUMENTATION_COMMENTS = YES;
				CLANG_WARN_EMPTY_BODY = YES;
				CLANG_WARN_ENUM_CONVERSION = YES;
				CLANG_WARN_INFINITE_RECURSION = YES;
				CLANG_WARN_INT_CONVERSION = YES;
				CLANG_WARN_OBJC_ROOT_CLASS = YES_ERROR;
				CLANG_WARN_SUSPICIOUS_MOVES = YES;
				CLANG_WARN_UNREACHABLE_CODE = YES;
				CLANG_WARN__DUPLICATE_METHOD_MATCH = YES;
				"CODE_SIGN_IDENTITY[sdk=iphoneos*]" = "iPhone Developer";
				COPY_PHASE_STRIP = NO;
				DEBUG_INFORMATION_FORMAT = "dwarf-with-dsym";
				ENABLE_NS_ASSERTIONS = NO;
				ENABLE_STRICT_OBJC_MSGSEND = YES;
				GCC_C_LANGUAGE_STANDARD = gnu99;
				GCC_NO_COMMON_BLOCKS = YES;
				GCC_WARN_64_TO_32_BIT_CONVERSION = YES;
				GCC_WARN_ABOUT_RETURN_TYPE = YES_ERROR;
				GCC_WARN_UNDECLARED_SELECTOR = YES;
				GCC_WARN_UNINITIALIZED_AUTOS = YES_AGGRESSIVE;
				GCC_WARN_UNUSED_FUNCTION = YES;
				GCC_WARN_UNUSED_VARIABLE = YES;
				IPHONEOS_DEPLOYMENT_TARGET = 10.0;
				MTL_ENABLE_DEBUG_INFO = NO;
				SDKROOT = iphoneos;
				VALIDATE_PRODUCT = YES;
			};
			name = Release;
		};
		2587AD571DBBB59200100556 /* Debug */ = {
			isa = XCBuildConfiguration;
			buildSettings = {
				ASSETCATALOG_COMPILER_APPICON_NAME = AppIcon;
				INFOPLIST_FILE = TwitterLaunchDemo/Info.plist;
				LD_RUNPATH_SEARCH_PATHS = "$(inherited) @executable_path/Frameworks";
				PRODUCT_BUNDLE_IDENTIFIER = com.TwitterLaunchDemo;
				PRODUCT_NAME = "$(TARGET_NAME)";
			};
			name = Debug;
		};
		2587AD581DBBB59200100556 /* Release */ = {
			isa = XCBuildConfiguration;
			buildSettings = {
				ASSETCATALOG_COMPILER_APPICON_NAME = AppIcon;
				INFOPLIST_FILE = TwitterLaunchDemo/Info.plist;
				LD_RUNPATH_SEARCH_PATHS = "$(inherited) @executable_path/Frameworks";
				PRODUCT_BUNDLE_IDENTIFIER = com.TwitterLaunchDemo;
				PRODUCT_NAME = "$(TARGET_NAME)";
			};
			name = Release;
		};
/* End XCBuildConfiguration section */

/* Begin XCConfigurationList section */
		2587AD3A1DBBB59200100556 /* Build configuration list for PBXProject "TwitterLaunchDemo" */ = {
			isa = XCConfigurationList;
			buildConfigurations = (
				2587AD541DBBB59200100556 /* Debug */,
				2587AD551DBBB59200100556 /* Release */,
			);
			defaultConfigurationIsVisible = 0;
			defaultConfigurationName = Release;
		};
		2587AD561DBBB59200100556 /* Build configuration list for PBXNativeTarget "TwitterLaunchDemo" */ = {
			isa = XCConfigurationList;
			buildConfigurations = (
				2587AD571DBBB59200100556 /* Debug */,
				2587AD581DBBB59200100556 /* Release */,
			);
			defaultConfigurationIsVisible = 0;
			defaultConfigurationName = Release;
		};
/* End XCConfigurationList section */
	};
	rootObject = 2587AD371DBBB59200100556 /* Project object */;
}
